{
    "_readme": [
        "This file locks the dependencies of your project to a known state",
        "Read more about it at http://getcomposer.org/doc/01-basic-usage.md#composer-lock-the-lock-file"
    ],
    "hash": "98a338f76a30dc6c0caf8c1f6a59eb14",
    "packages": [
        {
            "name": "PhpDebugToolbar/php-debug-toolbar",
            "version": "1.6.0",
            "source": {
                "type": "git",
                "url": "https://github.com/DracoBlue/PhpDebugToolbar.git",
                "reference": "8f829a838dc6dee69dbbc4a4af28295bf07abd0a"
            },
            "type": "library",
            "autoload": {
                "classmap": [
                    "lib/agavi/",
                    "PhpDebugToolbar.class.php"
                ]
            }
        },
        {
            "name": "agavi/agavi",
            "version": "1.0.7",
            "source": {
                "type": "svn",
                "url": "http://svn.agavi.org/",
                "reference": "tags/1.0.7/"
            },
            "type": "library"
        },
        {
            "name": "aptoma/twig-markdown",
            "version": "0.2.1",
            "source": {
                "type": "git",
                "url": "https://github.com/aptoma/twig-markdown.git",
                "reference": "2c0972ecdaf5c94a0dec01b7c9af7919f2c6498d"
            },
            "dist": {
                "type": "zip",
                "url": "https://api.github.com/repos/aptoma/twig-markdown/zipball/2c0972ecdaf5c94a0dec01b7c9af7919f2c6498d",
                "reference": "2c0972ecdaf5c94a0dec01b7c9af7919f2c6498d",
                "shasum": ""
            },
            "require": {
                "twig/twig": "~1"
            },
            "require-dev": {
                "dflydev/markdown": "~1",
                "michelf/php-markdown": "~1"
            },
            "suggest": {
                "dflydev/markdown": "Markdown engine based on the simple michelf/php-markdown engine.",
                "michelf/php-markdown": "Original Markdown engine with MarkdownExtra."
            },
            "type": "library",
            "autoload": {
                "psr-0": {
                    "Aptoma": "src/"
                }
            },
            "notification-url": "https://packagist.org/downloads/",
            "license": [
                "MIT"
            ],
            "authors": [
                {
                    "name": "Gunnar Lium",
                    "email": "gunnar@aptoma.com"
                },
                {
                    "name": "Joris Berthelot",
                    "email": "joris@berthelot.tel"
                }
            ],
            "description": "Twig extension to work with Markdown content",
            "keywords": [
                "markdown",
                "twig"
            ],
            "time": "2013-09-26 15:14:08"
        },
        {
            "name": "csswizardry/inuit.css",
            "version": "5.0.1",
            "source": {
                "type": "git",
                "url": "https://github.com/csswizardry/inuit.css.git",
                "reference": "aa49931763f8ef8b1bf7780108a84fc75a099a66"
            },
            "type": "library"
        },
        {
            "name": "dflydev/markdown",
            "version": "v1.0.3",
            "source": {
                "type": "git",
                "url": "https://github.com/dflydev/dflydev-markdown.git",
                "reference": "6baed9b50f29c980795b6656d43722aadb126f7e"
            },
            "dist": {
                "type": "zip",
                "url": "https://api.github.com/repos/dflydev/dflydev-markdown/zipball/6baed9b50f29c980795b6656d43722aadb126f7e",
                "reference": "6baed9b50f29c980795b6656d43722aadb126f7e",
                "shasum": ""
            },
            "require": {
                "php": ">=5.3"
            },
            "type": "library",
            "extra": {
                "branch-alias": {
                    "dev-master": "1.0-dev"
                }
            },
            "autoload": {
                "psr-0": {
                    "dflydev\\markdown": "src"
                }
            },
            "notification-url": "https://packagist.org/downloads/",
            "license": [
                "BSD-3-Clause"
            ],
            "authors": [
                {
                    "name": "Dragonfly Development Inc.",
                    "email": "info@dflydev.com",
                    "homepage": "http://dflydev.com"
                },
                {
                    "name": "Beau Simensen",
                    "email": "beau@dflydev.com",
                    "homepage": "http://beausimensen.com"
                },
                {
                    "name": "Michel Fortin",
                    "homepage": "http://michelf.com"
                },
                {
                    "name": "John Gruber",
                    "homepage": "http://daringfireball.net"
                }
            ],
            "description": "PHP Markdown & Extra",
            "homepage": "http://github.com/dflydev/dflydev-markdown",
            "keywords": [
                "markdown"
            ],
            "time": "2013-09-23 12:00:18"
        },
        {
            "name": "graste/environaut",
            "version": "v0.4.0",
            "source": {
                "type": "git",
                "url": "https://github.com/graste/environaut.git",
                "reference": "3b02cb0bbc3dbb2f9971039c0afb38237e3d21b5"
            },
            "dist": {
                "type": "zip",
                "url": "https://api.github.com/repos/graste/environaut/zipball/3b02cb0bbc3dbb2f9971039c0afb38237e3d21b5",
                "reference": "3b02cb0bbc3dbb2f9971039c0afb38237e3d21b5",
                "shasum": ""
            },
            "require": {
                "php": ">=5.3.2",
                "sensiolabs/security-checker": "~1.2",
                "symfony/console": "~2.2"
            },
            "require-dev": {
                "phpunit/phpunit": "~3.7.22",
                "sami/sami": "~1.1",
                "squizlabs/php_codesniffer": "~1.4.5",
                "symfony/finder": "~2.1"
            },
            "suggest": {
                "lib-libxml": "The libXML library and PHP extension is necessary for XML configuration files."
            },
            "bin": [
                "bin/environaut",
                "bin/environaut.phar"
            ],
            "type": "library",
            "autoload": {
                "psr-0": {
                    "Environaut\\": "src/"
                }
            },
            "notification-url": "https://packagist.org/downloads/",
            "license": [
                "CC-BY-SA-3.0"
            ],
            "authors": [
                {
                    "name": "Steffen Gransow",
                    "email": "graste@mivesto.de",
                    "homepage": "http://mivesto.de",
                    "role": "Developer"
                }
            ],
            "description": "Define, configure and protect your application environment and its requirements.",
            "homepage": "https://github.com/graste/environaut",
            "keywords": [
                "check",
                "cli",
                "configuration",
                "configuration management",
                "environment",
                "php",
                "requirements",
                "web"
            ],
            "time": "2013-09-26 22:06:09"
        },
        {
            "name": "monolog/monolog",
            "version": "1.5.0",
            "source": {
                "type": "git",
                "url": "https://github.com/Seldaek/monolog.git",
                "reference": "583618d5cd2115a52101694aca87afb182b3e567"
            },
            "dist": {
                "type": "zip",
                "url": "https://api.github.com/repos/Seldaek/monolog/zipball/583618d5cd2115a52101694aca87afb182b3e567",
                "reference": "583618d5cd2115a52101694aca87afb182b3e567",
                "shasum": ""
            },
            "require": {
                "php": ">=5.3.0",
                "psr/log": "~1.0"
            },
            "require-dev": {
                "doctrine/couchdb": "dev-master",
                "mlehner/gelf-php": "1.0.*",
                "raven/raven": "0.3.*"
            },
            "suggest": {
                "doctrine/couchdb": "Allow sending log messages to a CouchDB server",
                "ext-amqp": "Allow sending log messages to an AMQP server (1.0+ required)",
                "ext-mongo": "Allow sending log messages to a MongoDB server",
                "mlehner/gelf-php": "Allow sending log messages to a GrayLog2 server",
                "raven/raven": "Allow sending log messages to a Sentry server"
            },
            "type": "library",
            "extra": {
                "branch-alias": {
                    "dev-master": "1.4.x-dev"
                }
            },
            "autoload": {
                "psr-0": {
                    "Monolog": "src/"
                }
            },
            "notification-url": "https://packagist.org/downloads/",
            "license": [
                "MIT"
            ],
            "authors": [
                {
                    "name": "Jordi Boggiano",
                    "email": "j.boggiano@seld.be",
                    "homepage": "http://seld.be",
                    "role": "Developer"
                }
            ],
            "description": "Sends your logs to files, sockets, inboxes, databases and various web services",
            "homepage": "http://github.com/Seldaek/monolog",
            "keywords": [
                "log",
                "logging",
                "psr-3"
            ],
            "time": "2013-04-23 10:09:48"
        },
        {
            "name": "psr/log",
            "version": "1.0.0",
            "source": {
                "type": "git",
                "url": "https://github.com/php-fig/log.git",
                "reference": "fe0936ee26643249e916849d48e3a51d5f5e278b"
            },
            "dist": {
                "type": "zip",
                "url": "https://api.github.com/repos/php-fig/log/zipball/fe0936ee26643249e916849d48e3a51d5f5e278b",
                "reference": "fe0936ee26643249e916849d48e3a51d5f5e278b",
                "shasum": ""
            },
            "type": "library",
            "autoload": {
                "psr-0": {
                    "Psr\\Log\\": ""
                }
            },
            "notification-url": "https://packagist.org/downloads/",
            "license": [
                "MIT"
            ],
            "authors": [
                {
                    "name": "PHP-FIG",
                    "homepage": "http://www.php-fig.org/"
                }
            ],
            "description": "Common interface for logging libraries",
            "keywords": [
                "log",
                "psr",
                "psr-3"
            ],
            "time": "2012-12-21 11:40:51"
        },
        {
            "name": "ruflin/elastica",
            "version": "v0.90.2.0",
            "source": {
                "type": "git",
                "url": "https://github.com/ruflin/Elastica.git",
                "reference": "7157cfbf7537d2afdf5aa63b1c4a092818ee355a"
            },
            "dist": {
                "type": "zip",
                "url": "https://api.github.com/repos/ruflin/Elastica/zipball/7157cfbf7537d2afdf5aa63b1c4a092818ee355a",
                "reference": "7157cfbf7537d2afdf5aa63b1c4a092818ee355a",
                "shasum": ""
            },
            "require": {
                "php": ">=5.3.3"
            },
            "require-dev": {
                "munkie/elasticsearch-thrift-php": "1.4.*",
                "psr/log": "~1.0"
            },
            "suggest": {
                "monolog/monolog": "Logging request",
                "munkie/elasticsearch-thrift-php": "Allow using thrift transport",
                "psr/log": "for logging"
            },
            "type": "library",
            "extra": {
                "branch-alias": {
                    "dev-master": "0.20.5.x-dev"
                }
            },
            "autoload": {
                "psr-0": {
                    "Elastica": "lib/",
                    "Elastica\\Test": "test/lib/"
                }
            },
            "notification-url": "https://packagist.org/downloads/",
            "license": [
                "Apache 2.0"
            ],
            "authors": [
                {
                    "name": "Nicolas Ruflin",
                    "homepage": "http://ruflin.com/"
                }
            ],
            "description": "Elasticsearch Client",
            "homepage": "http://ruflin.github.com/Elastica/",
            "keywords": [
                "client",
                "search"
            ],
            "time": "2013-08-25 08:45:21"
        },
        {
            "name": "sensiolabs/security-checker",
            "version": "v1.2",
            "source": {
                "type": "git",
                "url": "https://github.com/sensiolabs/security-checker.git",
                "reference": "edb9441bc9afcd7083a644b4315582e33a80c4e3"
            },
            "dist": {
                "type": "zip",
                "url": "https://api.github.com/repos/sensiolabs/security-checker/zipball/edb9441bc9afcd7083a644b4315582e33a80c4e3",
                "reference": "edb9441bc9afcd7083a644b4315582e33a80c4e3",
                "shasum": ""
            },
            "require": {
                "symfony/console": "~2.0"
            },
            "bin": [
                "security-checker"
            ],
            "type": "library",
            "extra": {
                "branch-alias": {
                    "dev-master": "1.2-dev"
                }
            },
            "autoload": {
                "psr-0": {
                    "SensioLabs\\Security": ""
                }
            },
            "notification-url": "https://packagist.org/downloads/",
            "license": [
                "MIT"
            ],
            "authors": [
                {
                    "name": "Fabien Potencier",
                    "email": "fabien.potencier@gmail.com"
                }
            ],
            "description": "A security checker for your composer.lock",
            "time": "2013-04-25 13:09:50"
        },
        {
            "name": "symfony/console",
            "version": "v2.3.6",
            "target-dir": "Symfony/Component/Console",
            "source": {
                "type": "git",
                "url": "https://github.com/symfony/Console.git",
                "reference": "f880062d56edefb25b36f2defa65aafe65959dc7"
            },
            "dist": {
                "type": "zip",
                "url": "https://api.github.com/repos/symfony/Console/zipball/f880062d56edefb25b36f2defa65aafe65959dc7",
                "reference": "f880062d56edefb25b36f2defa65aafe65959dc7",
                "shasum": ""
            },
            "require": {
                "php": ">=5.3.3"
            },
            "require-dev": {
                "symfony/event-dispatcher": "~2.1"
            },
            "suggest": {
                "symfony/event-dispatcher": ""
            },
            "type": "library",
            "extra": {
                "branch-alias": {
                    "dev-master": "2.3-dev"
                }
            },
            "autoload": {
                "psr-0": {
                    "Symfony\\Component\\Console\\": ""
                }
            },
            "notification-url": "https://packagist.org/downloads/",
            "license": [
                "MIT"
            ],
            "authors": [
                {
                    "name": "Fabien Potencier",
                    "email": "fabien@symfony.com"
                },
                {
                    "name": "Symfony Community",
                    "homepage": "http://symfony.com/contributors"
                }
            ],
            "description": "Symfony Console Component",
            "homepage": "http://symfony.com",
            "time": "2013-09-25 06:04:15"
        },
        {
            "name": "twig/twig",
            "version": "v1.14.0",
            "source": {
                "type": "git",
                "url": "https://github.com/fabpot/Twig.git",
                "reference": "224fc55635d544a2ec8edb3592be18db5a093f59"
            },
            "dist": {
                "type": "zip",
                "url": "https://api.github.com/repos/fabpot/Twig/zipball/224fc55635d544a2ec8edb3592be18db5a093f59",
                "reference": "224fc55635d544a2ec8edb3592be18db5a093f59",
                "shasum": ""
            },
            "require": {
                "php": ">=5.2.4"
            },
            "type": "library",
            "extra": {
                "branch-alias": {
                    "dev-master": "1.14-dev"
                }
            },
            "autoload": {
                "psr-0": {
                    "Twig_": "lib/"
                }
            },
            "notification-url": "https://packagist.org/downloads/",
            "license": [
                "BSD-3-Clause"
            ],
            "authors": [
                {
                    "name": "Fabien Potencier",
                    "email": "fabien@symfony.com"
                },
                {
                    "name": "Armin Ronacher",
                    "email": "armin.ronacher@active-4.com"
                }
            ],
            "description": "Twig, the flexible, fast, and secure template language for PHP",
            "homepage": "http://twig.sensiolabs.org",
            "keywords": [
                "templating"
            ],
            "time": "2013-10-03 06:41:20"
        },
        {
            "name": "zendframework/zend-permissions-acl",
            "version": "2.2.4",
            "target-dir": "Zend/Permissions/Acl",
            "source": {
                "type": "git",
                "url": "https://github.com/zendframework/Component_ZendPermissionsAcl.git",
                "reference": "6978e3eb9e726b60777fd9a329bc9ab5aa064931"
            },
            "dist": {
                "type": "zip",
                "url": "https://api.github.com/repos/zendframework/Component_ZendPermissionsAcl/zipball/6978e3eb9e726b60777fd9a329bc9ab5aa064931",
                "reference": "6978e3eb9e726b60777fd9a329bc9ab5aa064931",
                "shasum": ""
            },
            "require": {
                "php": ">=5.3.3"
            },
            "type": "library",
            "extra": {
                "branch-alias": {
                    "dev-master": "2.2-dev",
                    "dev-develop": "2.3-dev"
                }
            },
            "autoload": {
                "psr-0": {
                    "Zend\\Permissions\\Acl\\": ""
                }
            },
            "notification-url": "https://packagist.org/downloads/",
            "license": [
                "BSD-3-Clause"
            ],
            "description": "provides a lightweight and flexible access control list (ACL) implementation for privileges management",
            "keywords": [
                "acl",
                "zf2"
            ],
            "time": "2013-06-12 19:45:49"
        }
    ],
    "packages-dev": [

    ],
    "aliases": [

    ],
    "minimum-stability": "stable",
    "stability-flags": [

    ],
    "platform": {
        "php": ">=5.3.3"
    },
    "platform-dev": [

    ]
}
